
Microsoft Visual Studio Solution File, Format Version 12.00
# Visual Studio 15
VisualStudioVersion = 15.0.28307.572
MinimumVisualStudioVersion = 10.0.40219.1
Project("{FAE04EC0-301F-11D3-BF4B-00C04F79EFBC}") = "DB-Table-Normalisation-Domain", "DB-Table-Normalisation-Domain.csproj", "{BC12ACB8-832B-43D2-ADEE-34893C7F16C7}"
EndProject
Global
	GlobalSection(SolutionConfigurationPlatforms) = preSolution
		Debug|Any CPU = Debug|Any CPU
		Release|Any CPU = Release|Any CPU
	EndGlobalSection
	GlobalSection(ProjectConfigurationPlatforms) = postSolution
		{BC12ACB8-832B-43D2-ADEE-34893C7F16C7}.Debug|Any CPU.ActiveCfg = Debug|Any CPU
		{BC12ACB8-832B-43D2-ADEE-34893C7F16C7}.Debug|Any CPU.Build.0 = Debug|Any CPU
		{BC12ACB8-832B-43D2-ADEE-34893C7F16C7}.Release|Any CPU.ActiveCfg = Release|Any CPU
		{BC12ACB8-832B-43D2-ADEE-34893C7F16C7}.Release|Any CPU.Build.0 = Release|Any CPU
	EndGlobalSection
	GlobalSection(SolutionProperties) = preSolution
		HideSolutionNode = FALSE
	EndGlobalSection
	GlobalSection(ExtensibilityGlobals) = postSolution
		SolutionGuid = {5B51E83E-7B38-49B6-A40B-8194DAD1DFDC}
	EndGlobalSection
EndGlobal
